// !$*UTF8*$!
{
	archiveVersion = 1;
	classes = {
	};
	objectVersion = 55;
	objects = {

/* Begin PBXBuildFile section */
		DA43204628D0AFF1008435A3 /* AppDelegate.swift in Sources */ = {isa = PBXBuildFile; fileRef = DA43204528D0AFF1008435A3 /* AppDelegate.swift */; };
		DA43204828D0AFF1008435A3 /* SceneDelegate.swift in Sources */ = {isa = PBXBuildFile; fileRef = DA43204728D0AFF1008435A3 /* SceneDelegate.swift */; };
		DA43204A28D0AFF1008435A3 /* ViewController.swift in Sources */ = {isa = PBXBuildFile; fileRef = DA43204928D0AFF1008435A3 /* ViewController.swift */; };
		DA43204D28D0AFF1008435A3 /* Main.storyboard in Resources */ = {isa = PBXBuildFile; fileRef = DA43204B28D0AFF1008435A3 /* Main.storyboard */; };
		DA43205028D0AFF1008435A3 /* CafeApp.xcdatamodeld in Sources */ = {isa = PBXBuildFile; fileRef = DA43204E28D0AFF1008435A3 /* CafeApp.xcdatamodeld */; };
		DA43205228D0AFF2008435A3 /* Assets.xcassets in Resources */ = {isa = PBXBuildFile; fileRef = DA43205128D0AFF2008435A3 /* Assets.xcassets */; };
		DA43205528D0AFF2008435A3 /* LaunchScreen.storyboard in Resources */ = {isa = PBXBuildFile; fileRef = DA43205328D0AFF2008435A3 /* LaunchScreen.storyboard */; };
		DA43206028D0AFF2008435A3 /* CafeAppTests.swift in Sources */ = {isa = PBXBuildFile; fileRef = DA43205F28D0AFF2008435A3 /* CafeAppTests.swift */; };
		DA43206A28D0AFF2008435A3 /* CafeAppUITests.swift in Sources */ = {isa = PBXBuildFile; fileRef = DA43206928D0AFF2008435A3 /* CafeAppUITests.swift */; };
		DA43206C28D0AFF2008435A3 /* CafeAppUITestsLaunchTests.swift in Sources */ = {isa = PBXBuildFile; fileRef = DA43206B28D0AFF2008435A3 /* CafeAppUITestsLaunchTests.swift */; };
/* End PBXBuildFile section */

/* Begin PBXContainerItemProxy section */
		DA43205C28D0AFF2008435A3 /* PBXContainerItemProxy */ = {
			isa = PBXContainerItemProxy;
			containerPortal = DA43203A28D0AFF1008435A3 /* Project object */;
			proxyType = 1;
			remoteGlobalIDString = DA43204128D0AFF1008435A3;
			remoteInfo = CafeApp;
		};
		DA43206628D0AFF2008435A3 /* PBXContainerItemProxy */ = {
			isa = PBXContainerItemProxy;
			containerPortal = DA43203A28D0AFF1008435A3 /* Project object */;
			proxyType = 1;
			remoteGlobalIDString = DA43204128D0AFF1008435A3;
			remoteInfo = CafeApp;
		};
/* End PBXContainerItemProxy section */

/* Begin PBXFileReference section */
		DA43204228D0AFF1008435A3 /* CafeApp.app */ = {isa = PBXFileReference; explicitFileType = wrapper.application; includeInIndex = 0; path = CafeApp.app; sourceTree = BUILT_PRODUCTS_DIR; };
		DA43204528D0AFF1008435A3 /* AppDelegate.swift */ = {isa = PBXFileReference; lastKnownFileType = sourcecode.swift; path = AppDelegate.swift; sourceTree = "<group>"; };
		DA43204728D0AFF1008435A3 /* SceneDelegate.swift */ = {isa = PBXFileReference; lastKnownFileType = sourcecode.swift; path = SceneDelegate.swift; sourceTree = "<group>"; };
		DA43204928D0AFF1008435A3 /* ViewController.swift */ = {isa = PBXFileReference; lastKnownFileType = sourcecode.swift; path = ViewController.swift; sourceTree = "<group>"; };
		DA43204C28D0AFF1008435A3 /* Base */ = {isa = PBXFileReference; lastKnownFileType = file.storyboard; name = Base; path = Base.lproj/Main.storyboard; sourceTree = "<group>"; };
		DA43204F28D0AFF1008435A3 /* CafeApp.xcdatamodel */ = {isa = PBXFileReference; lastKnownFileType = wrapper.xcdatamodel; path = CafeApp.xcdatamodel; sourceTree = "<group>"; };
		DA43205128D0AFF2008435A3 /* Assets.xcassets */ = {isa = PBXFileReference; lastKnownFileType = folder.assetcatalog; path = Assets.xcassets; sourceTree = "<group>"; };
		DA43205428D0AFF2008435A3 /* Base */ = {isa = PBXFileReference; lastKnownFileType = file.storyboard; name = Base; path = Base.lproj/LaunchScreen.storyboard; sourceTree = "<group>"; };
		DA43205628D0AFF2008435A3 /* Info.plist */ = {isa = PBXFileReference; lastKnownFileType = text.plist.xml; path = Info.plist; sourceTree = "<group>"; };
		DA43205B28D0AFF2008435A3 /* CafeAppTests.xctest */ = {isa = PBXFileReference; explicitFileType = wrapper.cfbundle; includeInIndex = 0; path = CafeAppTests.xctest; sourceTree = BUILT_PRODUCTS_DIR; };
		DA43205F28D0AFF2008435A3 /* CafeAppTests.swift */ = {isa = PBXFileReference; lastKnownFileType = sourcecode.swift; path = CafeAppTests.swift; sourceTree = "<group>"; };
		DA43206528D0AFF2008435A3 /* CafeAppUITests.xctest */ = {isa = PBXFileReference; explicitFileType = wrapper.cfbundle; includeInIndex = 0; path = CafeAppUITests.xctest; sourceTree = BUILT_PRODUCTS_DIR; };
		DA43206928D0AFF2008435A3 /* CafeAppUITests.swift */ = {isa = PBXFileReference; lastKnownFileType = sourcecode.swift; path = CafeAppUITests.swift; sourceTree = "<group>"; };
		DA43206B28D0AFF2008435A3 /* CafeAppUITestsLaunchTests.swift */ = {isa = PBXFileReference; lastKnownFileType = sourcecode.swift; path = CafeAppUITestsLaunchTests.swift; sourceTree = "<group>"; };
/* End PBXFileReference section */

/* Begin PBXFrameworksBuildPhase section */
		DA43203F28D0AFF1008435A3 /* Frameworks */ = {
			isa = PBXFrameworksBuildPhase;
			buildActionMask = 2147483647;
			files = (
			);
			runOnlyForDeploymentPostprocessing = 0;
		};
		DA43205828D0AFF2008435A3 /* Frameworks */ = {
			isa = PBXFrameworksBuildPhase;
			buildActionMask = 2147483647;
			files = (
			);
			runOnlyForDeploymentPostprocessing = 0;
		};
		DA43206228D0AFF2008435A3 /* Frameworks */ = {
			isa = PBXFrameworksBuildPhase;
			buildActionMask = 2147483647;
			files = (
			);
			runOnlyForDeploymentPostprocessing = 0;
		};
/* End PBXFrameworksBuildPhase section */

/* Begin PBXGroup section */
		DA43203928D0AFF1008435A3 = {
			isa = PBXGroup;
			children = (
				DA43204428D0AFF1008435A3 /* CafeApp */,
				DA43205E28D0AFF2008435A3 /* CafeAppTests */,
				DA43206828D0AFF2008435A3 /* CafeAppUITests */,
				DA43204328D0AFF1008435A3 /* Products */,
			);
			sourceTree = "<group>";
		};
		DA43204328D0AFF1008435A3 /* Products */ = {
			isa = PBXGroup;
			children = (
				DA43204228D0AFF1008435A3 /* CafeApp.app */,
				DA43205B28D0AFF2008435A3 /* CafeAppTests.xctest */,
				DA43206528D0AFF2008435A3 /* CafeAppUITests.xctest */,
			);
			name = Products;
			sourceTree = "<group>";
		};
		DA43204428D0AFF1008435A3 /* CafeApp */ = {
			isa = PBXGroup;
			children = (
				DA43204528D0AFF1008435A3 /* AppDelegate.swift */,
				DA43204728D0AFF1008435A3 /* SceneDelegate.swift */,
				DA43204928D0AFF1008435A3 /* ViewController.swift */,
				DA43204B28D0AFF1008435A3 /* Main.storyboard */,
				DA43205128D0AFF2008435A3 /* Assets.xcassets */,
				DA43205328D0AFF2008435A3 /* LaunchScreen.storyboard */,
				DA43205628D0AFF2008435A3 /* Info.plist */,
				DA43204E28D0AFF1008435A3 /* CafeApp.xcdatamodeld */,
			);
			path = CafeApp;
			sourceTree = "<group>";
		};
		DA43205E28D0AFF2008435A3 /* CafeAppTests */ = {
			isa = PBXGroup;
			children = (
				DA43205F28D0AFF2008435A3 /* CafeAppTests.swift */,
			);
			path = CafeAppTests;
			sourceTree = "<group>";
		};
		DA43206828D0AFF2008435A3 /* CafeAppUITests */ = {
			isa = PBXGroup;
			children = (
				DA43206928D0AFF2008435A3 /* CafeAppUITests.swift */,
				DA43206B28D0AFF2008435A3 /* CafeAppUITestsLaunchTests.swift */,
			);
			path = CafeAppUITests;
			sourceTree = "<group>";
		};
/* End PBXGroup section */

/* Begin PBXNativeTarget section */
		DA43204128D0AFF1008435A3 /* CafeApp */ = {
			isa = PBXNativeTarget;
			buildConfigurationList = DA43206F28D0AFF2008435A3 /* Build configuration list for PBXNativeTarget "CafeApp" */;
			buildPhases = (
				DA43203E28D0AFF1008435A3 /* Sources */,
				DA43203F28D0AFF1008435A3 /* Frameworks */,
				DA43204028D0AFF1008435A3 /* Resources */,
			);
			buildRules = (
			);
			dependencies = (
			);
			name = CafeApp;
			productName = CafeApp;
			productReference = DA43204228D0AFF1008435A3 /* CafeApp.app */;
			productType = "com.apple.product-type.application";
		};
		DA43205A28D0AFF2008435A3 /* CafeAppTests */ = {
			isa = PBXNativeTarget;
			buildConfigurationList = DA43207228D0AFF2008435A3 /* Build configuration list for PBXNativeTarget "CafeAppTests" */;
			buildPhases = (
				DA43205728D0AFF2008435A3 /* Sources */,
				DA43205828D0AFF2008435A3 /* Frameworks */,
				DA43205928D0AFF2008435A3 /* Resources */,
			);
			buildRules = (
			);
			dependencies = (
				DA43205D28D0AFF2008435A3 /* PBXTargetDependency */,
			);
			name = CafeAppTests;
			productName = CafeAppTests;
			productReference = DA43205B28D0AFF2008435A3 /* CafeAppTests.xctest */;
			productType = "com.apple.product-type.bundle.unit-test";
		};
		DA43206428D0AFF2008435A3 /* CafeAppUITests */ = {
			isa = PBXNativeTarget;
			buildConfigurationList = DA43207528D0AFF2008435A3 /* Build configuration list for PBXNativeTarget "CafeAppUITests" */;
			buildPhases = (
				DA43206128D0AFF2008435A3 /* Sources */,
				DA43206228D0AFF2008435A3 /* Frameworks */,
				DA43206328D0AFF2008435A3 /* Resources */,
			);
			buildRules = (
			);
			dependencies = (
				DA43206728D0AFF2008435A3 /* PBXTargetDependency */,
			);
			name = CafeAppUITests;
			productName = CafeAppUITests;
			productReference = DA43206528D0AFF2008435A3 /* CafeAppUITests.xctest */;
			productType = "com.apple.product-type.bundle.ui-testing";
		};
/* End PBXNativeTarget section */

/* Begin PBXProject section */
		DA43203A28D0AFF1008435A3 /* Project object */ = {
			isa = PBXProject;
			attributes = {
				BuildIndependentTargetsInParallel = 1;
				LastSwiftUpdateCheck = 1340;
				LastUpgradeCheck = 1340;
				TargetAttributes = {
					DA43204128D0AFF1008435A3 = {
						CreatedOnToolsVersion = 13.4.1;
					};
					DA43205A28D0AFF2008435A3 = {
						CreatedOnToolsVersion = 13.4.1;
						TestTargetID = DA43204128D0AFF1008435A3;
					};
					DA43206428D0AFF2008435A3 = {
						CreatedOnToolsVersion = 13.4.1;
						TestTargetID = DA43204128D0AFF1008435A3;
					};
				};
			};
			buildConfigurationList = DA43203D28D0AFF1008435A3 /* Build configuration list for PBXProject "CafeApp" */;
			compatibilityVersion = "Xcode 13.0";
			developmentRegion = en;
			hasScannedForEncodings = 0;
			knownRegions = (
				en,
				Base,
			);
			mainGroup = DA43203928D0AFF1008435A3;
			productRefGroup = DA43204328D0AFF1008435A3 /* Products */;
			projectDirPath = "";
			projectRoot = "";
			targets = (
				DA43204128D0AFF1008435A3 /* CafeApp */,
				DA43205A28D0AFF2008435A3 /* CafeAppTests */,
				DA43206428D0AFF2008435A3 /* CafeAppUITests */,
			);
		};
/* End PBXProject section */

/* Begin PBXResourcesBuildPhase section */
		DA43204028D0AFF1008435A3 /* Resources */ = {
			isa = PBXResourcesBuildPhase;
			buildActionMask = 2147483647;
			files = (
				DA43205528D0AFF2008435A3 /* LaunchScreen.storyboard in Resources */,
				DA43205228D0AFF2008435A3 /* Assets.xcassets in Resources */,
				DA43204D28D0AFF1008435A3 /* Main.storyboard in Resources */,
			);
			runOnlyForDeploymentPostprocessing = 0;
		};
		DA43205928D0AFF2008435A3 /* Resources */ = {
			isa = PBXResourcesBuildPhase;
			buildActionMask = 2147483647;
			files = (
			);
			runOnlyForDeploymentPostprocessing = 0;
		};
		DA43206328D0AFF2008435A3 /* Resources */ = {
			isa = PBXResourcesBuildPhase;
			buildActionMask = 2147483647;
			files = (
			);
			runOnlyForDeploymentPostprocessing = 0;
		};
/* End PBXResourcesBuildPhase section */

/* Begin PBXSourcesBuildPhase section */
		DA43203E28D0AFF1008435A3 /* Sources */ = {
			isa = PBXSourcesBuildPhase;
			buildActionMask = 2147483647;
			files = (
				DA43205028D0AFF1008435A3 /* CafeApp.xcdatamodeld in Sources */,
				DA43204A28D0AFF1008435A3 /* ViewController.swift in Sources */,
				DA43204628D0AFF1008435A3 /* AppDelegate.swift in Sources */,
				DA43204828D0AFF1008435A3 /* SceneDelegate.swift in Sources */,
			);
			runOnlyForDeploymentPostprocessing = 0;
		};
		DA43205728D0AFF2008435A3 /* Sources */ = {
			isa = PBXSourcesBuildPhase;
			buildActionMask = 2147483647;
			files = (
				DA43206028D0AFF2008435A3 /* CafeAppTests.swift in Sources */,
			);
			runOnlyForDeploymentPostprocessing = 0;
		};
		DA43206128D0AFF2008435A3 /* Sources */ = {
			isa = PBXSourcesBuildPhase;
			buildActionMask = 2147483647;
			files = (
				DA43206A28D0AFF2008435A3 /* CafeAppUITests.swift in Sources */,
				DA43206C28D0AFF2008435A3 /* CafeAppUITestsLaunchTests.swift in Sources */,
			);
			runOnlyForDeploymentPostprocessing = 0;
		};
/* End PBXSourcesBuildPhase section */

/* Begin PBXTargetDependency section */
		DA43205D28D0AFF2008435A3 /* PBXTargetDependency */ = {
			isa = PBXTargetDependency;
			target = DA43204128D0AFF1008435A3 /* CafeApp */;
			targetProxy = DA43205C28D0AFF2008435A3 /* PBXContainerItemProxy */;
		};
		DA43206728D0AFF2008435A3 /* PBXTargetDependency */ = {
			isa = PBXTargetDependency;
			target = DA43204128D0AFF1008435A3 /* CafeApp */;
			targetProxy = DA43206628D0AFF2008435A3 /* PBXContainerItemProxy */;
		};
/* End PBXTargetDependency section */

/* Begin PBXVariantGroup section */
		DA43204B28D0AFF1008435A3 /* Main.storyboard */ = {
			isa = PBXVariantGroup;
			children = (
				DA43204C28D0AFF1008435A3 /* Base */,
			);
			name = Main.storyboard;
			sourceTree = "<group>";
		};
		DA43205328D0AFF2008435A3 /* LaunchScreen.storyboard */ = {
			isa = PBXVariantGroup;
			children = (
				DA43205428D0AFF2008435A3 /* Base */,
			);
			name = LaunchScreen.storyboard;
			sourceTree = "<group>";
		};
/* End PBXVariantGroup section */

/* Begin XCBuildConfiguration section */
		DA43206D28D0AFF2008435A3 /* Debug */ = {
			isa = XCBuildConfiguration;
			buildSettings = {
				ALWAYS_SEARCH_USER_PATHS = NO;
				CLANG_ANALYZER_NONNULL = YES;
				CLANG_ANALYZER_NUMBER_OBJECT_CONVERSION = YES_AGGRESSIVE;
				CLANG_CXX_LANGUAGE_STANDARD = "gnu++17";
				CLANG_ENABLE_MODULES = YES;
				CLANG_ENABLE_OBJC_ARC = YES;
				CLANG_ENABLE_OBJC_WEAK = YES;
				CLANG_WARN_BLOCK_CAPTURE_AUTORELEASING = YES;
				CLANG_WARN_BOOL_CONVERSION = YES;
				CLANG_WARN_COMMA = YES;
				CLANG_WARN_CONSTANT_CONVERSION = YES;
				CLANG_WARN_DEPRECATED_OBJC_IMPLEMENTATIONS = YES;
				CLANG_WARN_DIRECT_OBJC_ISA_USAGE = YES_ERROR;
				CLANG_WARN_DOCUMENTATION_COMMENTS = YES;
				CLANG_WARN_EMPTY_BODY = YES;
				CLANG_WARN_ENUM_CONVERSION = YES;
				CLANG_WARN_INFINITE_RECURSION = YES;
				CLANG_WARN_INT_CONVERSION = YES;
				CLANG_WARN_NON_LITERAL_NULL_CONVERSION = YES;
				CLANG_WARN_OBJC_IMPLICIT_RETAIN_SELF = YES;
				CLANG_WARN_OBJC_LITERAL_CONVERSION = YES;
				CLANG_WARN_OBJC_ROOT_CLASS = YES_ERROR;
				CLANG_WARN_QUOTED_INCLUDE_IN_FRAMEWORK_HEADER = YES;
				CLANG_WARN_RANGE_LOOP_ANALYSIS = YES;
				CLANG_WARN_STRICT_PROTOTYPES = YES;
				CLANG_WARN_SUSPICIOUS_MOVE = YES;
				CLANG_WARN_UNGUARDED_AVAILABILITY = YES_AGGRESSIVE;
				CLANG_WARN_UNREACHABLE_CODE = YES;
				CLANG_WARN__DUPLICATE_METHOD_MATCH = YES;
				COPY_PHASE_STRIP = NO;
				DEBUG_INFORMATION_FORMAT = dwarf;
				ENABLE_STRICT_OBJC_MSGSEND = YES;
				ENABLE_TESTABILITY = YES;
				GCC_C_LANGUAGE_STANDARD = gnu11;
				GCC_DYNAMIC_NO_PIC = NO;
				GCC_NO_COMMON_BLOCKS = YES;
				GCC_OPTIMIZATION_LEVEL = 0;
				GCC_PREPROCESSOR_DEFINITIONS = (
					"DEBUG=1",
					"$(inherited)",
				);
				GCC_WARN_64_TO_32_BIT_CONVERSION = YES;
				GCC_WARN_ABOUT_RETURN_TYPE = YES_ERROR;
				GCC_WARN_UNDECLARED_SELECTOR = YES;
				GCC_WARN_UNINITIALIZED_AUTOS = YES_AGGRESSIVE;
				GCC_WARN_UNUSED_FUNCTION = YES;
				GCC_WARN_UNUSED_VARIABLE = YES;
				IPHONEOS_DEPLOYMENT_TARGET = 15.5;
				MTL_ENABLE_DEBUG_INFO = INCLUDE_SOURCE;
				MTL_FAST_MATH = YES;
				ONLY_ACTIVE_ARCH = YES;
				SDKROOT = iphoneos;
				SWIFT_ACTIVE_COMPILATION_CONDITIONS = DEBUG;
				SWIFT_OPTIMIZATION_LEVEL = "-Onone";
			};
			name = Debug;
		};
		DA43206E28D0AFF2008435A3 /* Release */ = {
			isa = XCBuildConfiguration;
			buildSettings = {
				ALWAYS_SEARCH_USER_PATHS = NO;
				CLANG_ANALYZER_NONNULL = YES;
				CLANG_ANALYZER_NUMBER_OBJECT_CONVERSION = YES_AGGRESSIVE;
				CLANG_CXX_LANGUAGE_STANDARD = "gnu++17";
				CLANG_ENABLE_MODULES = YES;
				CLANG_ENABLE_OBJC_ARC = YES;
				CLANG_ENABLE_OBJC_WEAK = YES;
				CLANG_WARN_BLOCK_CAPTURE_AUTORELEASING = YES;
				CLANG_WARN_BOOL_CONVERSION = YES;
				CLANG_WARN_COMMA = YES;
				CLANG_WARN_CONSTANT_CONVERSION = YES;
				CLANG_WARN_DEPRECATED_OBJC_IMPLEMENTATIONS = YES;
				CLANG_WARN_DIRECT_OBJC_ISA_USAGE = YES_ERROR;
				CLANG_WARN_DOCUMENTATION_COMMENTS = YES;
				CLANG_WARN_EMPTY_BODY = YES;
				CLANG_WARN_ENUM_CONVERSION = YES;
				CLANG_WARN_INFINITE_RECURSION = YES;
				CLANG_WARN_INT_CONVERSION = YES;
				CLANG_WARN_NON_LITERAL_NULL_CONVERSION = YES;
				CLANG_WARN_OBJC_IMPLICIT_RETAIN_SELF = YES;
				CLANG_WARN_OBJC_LITERAL_CONVERSION = YES;
				CLANG_WARN_OBJC_ROOT_CLASS = YES_ERROR;
				CLANG_WARN_QUOTED_INCLUDE_IN_FRAMEWORK_HEADER = YES;
				CLANG_WARN_RANGE_LOOP_ANALYSIS = YES;
				CLANG_WARN_STRICT_PROTOTYPES = YES;
				CLANG_WARN_SUSPICIOUS_MOVE = YES;
				CLANG_WARN_UNGUARDED_AVAILABILITY = YES_AGGRESSIVE;
				CLANG_WARN_UNREACHABLE_CODE = YES;
				CLANG_WARN__DUPLICATE_METHOD_MATCH = YES;
				COPY_PHASE_STRIP = NO;
				DEBUG_INFORMATION_FORMAT = "dwarf-with-dsym";
				ENABLE_NS_ASSERTIONS = NO;
				ENABLE_STRICT_OBJC_MSGSEND = YES;
				GCC_C_LANGUAGE_STANDARD = gnu11;
				GCC_NO_COMMON_BLOCKS = YES;
				GCC_WARN_64_TO_32_BIT_CONVERSION = YES;
				GCC_WARN_ABOUT_RETURN_TYPE = YES_ERROR;
				GCC_WARN_UNDECLARED_SELECTOR = YES;
				GCC_WARN_UNINITIALIZED_AUTOS = YES_AGGRESSIVE;
				GCC_WARN_UNUSED_FUNCTION = YES;
				GCC_WARN_UNUSED_VARIABLE = YES;
				IPHONEOS_DEPLOYMENT_TARGET = 15.5;
				MTL_ENABLE_DEBUG_INFO = NO;
				MTL_FAST_MATH = YES;
				SDKROOT = iphoneos;
				SWIFT_COMPILATION_MODE = wholemodule;
				SWIFT_OPTIMIZATION_LEVEL = "-O";
				VALIDATE_PRODUCT = YES;
			};
			name = Release;
		};
		DA43207028D0AFF2008435A3 /* Debug */ = {
			isa = XCBuildConfiguration;
			buildSettings = {
				ASSETCATALOG_COMPILER_APPICON_NAME = AppIcon;
				ASSETCATALOG_COMPILER_GLOBAL_ACCENT_COLOR_NAME = AccentColor;
				CODE_SIGN_STYLE = Automatic;
				CURRENT_PROJECT_VERSION = 1;
				DEVELOPMENT_TEAM = V5LQLSFPF6;
				GENERATE_INFOPLIST_FILE = YES;
				INFOPLIST_FILE = CafeApp/Info.plist;
				INFOPLIST_KEY_UIApplicationSupportsIndirectInputEvents = YES;
				INFOPLIST_KEY_UILaunchStoryboardName = LaunchScreen;
				INFOPLIST_KEY_UIMainStoryboardFile = Main;
				INFOPLIST_KEY_UISupportedInterfaceOrientations_iPad = "UIInterfaceOrientationPortrait UIInterfaceOrientationPortraitUpsideDown UIInterfaceOrientationLandscapeLeft UIInterfaceOrientationLandscapeRight";
				INFOPLIST_KEY_UISupportedInterfaceOrientations_iPhone = "UIInterfaceOrientationPortrait UIInterfaceOrientationLandscapeLeft UIInterfaceOrientationLandscapeRight";
				LD_RUNPATH_SEARCH_PATHS = (
					"$(inherited)",
					"@executable_path/Frameworks",
				);
				MARKETING_VERSION = 1.0;
				PRODUCT_BUNDLE_IDENTIFIER = clc.CafeApp;
				PRODUCT_NAME = "$(TARGET_NAME)";
				SWIFT_EMIT_LOC_STRINGS = YES;
				SWIFT_VERSION = 5.0;
				TARGETED_DEVICE_FAMILY = "1,2";
			};
			name = Debug;
		};
		DA43207128D0AFF2008435A3 /* Release */ = {
			isa = XCBuildConfiguration;
			buildSettings = {
				ASSETCATALOG_COMPILER_APPICON_NAME = AppIcon;
				ASSETCATALOG_COMPILER_GLOBAL_ACCENT_COLOR_NAME = AccentColor;
				CODE_SIGN_STYLE = Automatic;
				CURRENT_PROJECT_VERSION = 1;
				DEVELOPMENT_TEAM = V5LQLSFPF6;
				GENERATE_INFOPLIST_FILE = YES;
				INFOPLIST_FILE = CafeApp/Info.plist;
				INFOPLIST_KEY_UIApplicationSupportsIndirectInputEvents = YES;
				INFOPLIST_KEY_UILaunchStoryboardName = LaunchScreen;
				INFOPLIST_KEY_UIMainStoryboardFile = Main;
				INFOPLIST_KEY_UISupportedInterfaceOrientations_iPad = "UIInterfaceOrientationPortrait UIInterfaceOrientationPortraitUpsideDown UIInterfaceOrientationLandscapeLeft UIInterfaceOrientationLandscapeRight";
				INFOPLIST_KEY_UISupportedInterfaceOrientations_iPhone = "UIInterfaceOrientationPortrait UIInterfaceOrientationLandscapeLeft UIInterfaceOrientationLandscapeRight";
				LD_RUNPATH_SEARCH_PATHS = (
					"$(inherited)",
					"@executable_path/Frameworks",
				);
				MARKETING_VERSION = 1.0;
				PRODUCT_BUNDLE_IDENTIFIER = clc.CafeApp;
				PRODUCT_NAME = "$(TARGET_NAME)";
				SWIFT_EMIT_LOC_STRINGS = YES;
				SWIFT_VERSION = 5.0;
				TARGETED_DEVICE_FAMILY = "1,2";
			};
			name = Release;
		};
		DA43207328D0AFF2008435A3 /* Debug */ = {
			isa = XCBuildConfiguration;
			buildSettings = {
				ALWAYS_EMBED_SWIFT_STANDARD_LIBRARIES = YES;
				BUNDLE_LOADER = "$(TEST_HOST)";
				CODE_SIGN_STYLE = Automatic;
				CURRENT_PROJECT_VERSION = 1;
				DEVELOPMENT_TEAM = V5LQLSFPF6;
				GENERATE_INFOPLIST_FILE = YES;
				IPHONEOS_DEPLOYMENT_TARGET = 15.5;
				MARKETING_VERSION = 1.0;
				PRODUCT_BUNDLE_IDENTIFIER = clc.CafeAppTests;
				PRODUCT_NAME = "$(TARGET_NAME)";
				SWIFT_EMIT_LOC_STRINGS = NO;
				SWIFT_VERSION = 5.0;
				TARGETED_DEVICE_FAMILY = "1,2";
				TEST_HOST = "$(BUILT_PRODUCTS_DIR)/CafeApp.app/CafeApp";
			};
			name = Debug;
		};
		DA43207428D0AFF2008435A3 /* Release */ = {
			isa = XCBuildConfiguration;
			buildSettings = {
				ALWAYS_EMBED_SWIFT_STANDARD_LIBRARIES = YES;
				BUNDLE_LOADER = "$(TEST_HOST)";
				CODE_SIGN_STYLE = Automatic;
				CURRENT_PROJECT_VERSION = 1;
				DEVELOPMENT_TEAM = V5LQLSFPF6;
				GENERATE_INFOPLIST_FILE = YES;
				IPHONEOS_DEPLOYMENT_TARGET = 15.5;
				MARKETING_VERSION = 1.0;
				PRODUCT_BUNDLE_IDENTIFIER = clc.CafeAppTests;
				PRODUCT_NAME = "$(TARGET_NAME)";
				SWIFT_EMIT_LOC_STRINGS = NO;
				SWIFT_VERSION = 5.0;
				TARGETED_DEVICE_FAMILY = "1,2";
				TEST_HOST = "$(BUILT_PRODUCTS_DIR)/CafeApp.app/CafeApp";
			};
			name = Release;
		};
		DA43207628D0AFF2008435A3 /* Debug */ = {
			isa = XCBuildConfiguration;
			buildSettings = {
				ALWAYS_EMBED_SWIFT_STANDARD_LIBRARIES = YES;
				CODE_SIGN_STYLE = Automatic;
				CURRENT_PROJECT_VERSION = 1;
				DEVELOPMENT_TEAM = V5LQLSFPF6;
				GENERATE_INFOPLIST_FILE = YES;
				MARKETING_VERSION = 1.0;
				PRODUCT_BUNDLE_IDENTIFIER = clc.CafeAppUITests;
				PRODUCT_NAME = "$(TARGET_NAME)";
				SWIFT_EMIT_LOC_STRINGS = NO;
				SWIFT_VERSION = 5.0;
				TARGETED_DEVICE_FAMILY = "1,2";
				TEST_TARGET_NAME = CafeApp;
			};
			name = Debug;
		};
		DA43207728D0AFF2008435A3 /* Release */ = {
			isa = XCBuildConfiguration;
			buildSettings = {
				ALWAYS_EMBED_SWIFT_STANDARD_LIBRARIES = YES;
				CODE_SIGN_STYLE = Automatic;
				CURRENT_PROJECT_VERSION = 1;
				DEVELOPMENT_TEAM = V5LQLSFPF6;
				GENERATE_INFOPLIST_FILE = YES;
				MARKETING_VERSION = 1.0;
				PRODUCT_BUNDLE_IDENTIFIER = clc.CafeAppUITests;
				PRODUCT_NAME = "$(TARGET_NAME)";
				SWIFT_EMIT_LOC_STRINGS = NO;
				SWIFT_VERSION = 5.0;
				TARGETED_DEVICE_FAMILY = "1,2";
				TEST_TARGET_NAME = CafeApp;
			};
			name = Release;
		};
/* End XCBuildConfiguration section */

/* Begin XCConfigurationList section */
		DA43203D28D0AFF1008435A3 /* Build configuration list for PBXProject "CafeApp" */ = {
			isa = XCConfigurationList;
			buildConfigurations = (
				DA43206D28D0AFF2008435A3 /* Debug */,
				DA43206E28D0AFF2008435A3 /* Release */,
			);
			defaultConfigurationIsVisible = 0;
			defaultConfigurationName = Release;
		};
		DA43206F28D0AFF2008435A3 /* Build configuration list for PBXNativeTarget "CafeApp" */ = {
			isa = XCConfigurationList;
			buildConfigurations = (
				DA43207028D0AFF2008435A3 /* Debug */,
				DA43207128D0AFF2008435A3 /* Release */,
			);
			defaultConfigurationIsVisible = 0;
			defaultConfigurationName = Release;
		};
		DA43207228D0AFF2008435A3 /* Build configuration list for PBXNativeTarget "CafeAppTests" */ = {
			isa = XCConfigurationList;
			buildConfigurations = (
				DA43207328D0AFF2008435A3 /* Debug */,
				DA43207428D0AFF2008435A3 /* Release */,
			);
			defaultConfigurationIsVisible = 0;
			defaultConfigurationName = Release;
		};
		DA43207528D0AFF2008435A3 /* Build configuration list for PBXNativeTarget "CafeAppUITests" */ = {
			isa = XCConfigurationList;
			buildConfigurations = (
				DA43207628D0AFF2008435A3 /* Debug */,
				DA43207728D0AFF2008435A3 /* Release */,
			);
			defaultConfigurationIsVisible = 0;
			defaultConfigurationName = Release;
		};
/* End XCConfigurationList section */

/* Begin XCVersionGroup section */
		DA43204E28D0AFF1008435A3 /* CafeApp.xcdatamodeld */ = {
			isa = XCVersionGroup;
			children = (
				DA43204F28D0AFF1008435A3 /* CafeApp.xcdatamodel */,
			);
			currentVersion = DA43204F28D0AFF1008435A3 /* CafeApp.xcdatamodel */;
			path = CafeApp.xcdatamodeld;
			sourceTree = "<group>";
			versionGroupType = wrapper.xcdatamodel;
		};
/* End XCVersionGroup section */
	};
	rootObject = DA43203A28D0AFF1008435A3 /* Project object */;
}
